// !$*UTF8*$!
{
	archiveVersion = 1;
	classes = {
	};
	objectVersion = 51;
	objects = {

/* Begin PBXBuildFile section */
		06015D71B1D833F684BDBF74 /* Pods_sab2UITests.framework in Frameworks */ = {isa = PBXBuildFile; fileRef = 92E45BCDBDE88616200C0F3B /* Pods_sab2UITests.framework */; };
		84476B862358295D00DF393F /* AppDelegate.swift in Sources */ = {isa = PBXBuildFile; fileRef = 84476B852358295D00DF393F /* AppDelegate.swift */; };
		84476B8E2358295D00DF393F /* sab2.xcdatamodeld in Sources */ = {isa = PBXBuildFile; fileRef = 84476B8C2358295D00DF393F /* sab2.xcdatamodeld */; };
		84476B902358295E00DF393F /* Assets.xcassets in Resources */ = {isa = PBXBuildFile; fileRef = 84476B8F2358295E00DF393F /* Assets.xcassets */; };
		84476B932358295E00DF393F /* LaunchScreen.storyboard in Resources */ = {isa = PBXBuildFile; fileRef = 84476B912358295E00DF393F /* LaunchScreen.storyboard */; };
		84476B9E2358295E00DF393F /* sab2Tests.swift in Sources */ = {isa = PBXBuildFile; fileRef = 84476B9D2358295E00DF393F /* sab2Tests.swift */; };
		84476BA92358295E00DF393F /* sab2UITests.swift in Sources */ = {isa = PBXBuildFile; fileRef = 84476BA82358295E00DF393F /* sab2UITests.swift */; };
		97DA2C876DF738A728BEF8A3 /* Pods_sab2Tests.framework in Frameworks */ = {isa = PBXBuildFile; fileRef = 198CEFBB3A109FF892FAF8DB /* Pods_sab2Tests.framework */; };
		A19A8CE5BEC94E3476482ABC /* Pods_sab2.framework in Frameworks */ = {isa = PBXBuildFile; fileRef = A235C68F15994E6C7D05E6FA /* Pods_sab2.framework */; };
		CE00CE75236224D000C089A3 /* VideosTableViewCell.swift in Sources */ = {isa = PBXBuildFile; fileRef = CE00CE73236224D000C089A3 /* VideosTableViewCell.swift */; };
		CE00CE76236224D000C089A3 /* VideosTableViewCell.xib in Resources */ = {isa = PBXBuildFile; fileRef = CE00CE74236224D000C089A3 /* VideosTableViewCell.xib */; };
		CE00CE79236224E800C089A3 /* VideosCollectionViewCell.swift in Sources */ = {isa = PBXBuildFile; fileRef = CE00CE77236224E800C089A3 /* VideosCollectionViewCell.swift */; };
		CE00CE7A236224E800C089A3 /* VideosCollectionViewCell.xib in Resources */ = {isa = PBXBuildFile; fileRef = CE00CE78236224E800C089A3 /* VideosCollectionViewCell.xib */; };
		CE02D40A2369E1A400E30C48 /* PopularsScreenViewController.swift in Sources */ = {isa = PBXBuildFile; fileRef = CE02D4082369E1A400E30C48 /* PopularsScreenViewController.swift */; };
		CE02D40B2369E1A400E30C48 /* PopularsScreenViewController.xib in Resources */ = {isa = PBXBuildFile; fileRef = CE02D4092369E1A400E30C48 /* PopularsScreenViewController.xib */; };
		CE02D40F2369E2C600E30C48 /* ChoicesScreenViewController.swift in Sources */ = {isa = PBXBuildFile; fileRef = CE02D40D2369E2C600E30C48 /* ChoicesScreenViewController.swift */; };
		CE02D4102369E2C600E30C48 /* ChoicesScreenViewController.xib in Resources */ = {isa = PBXBuildFile; fileRef = CE02D40E2369E2C600E30C48 /* ChoicesScreenViewController.xib */; };
		CE02D4142369E34D00E30C48 /* SectionsScreenViewController.swift in Sources */ = {isa = PBXBuildFile; fileRef = CE02D4122369E34D00E30C48 /* SectionsScreenViewController.swift */; };
		CE02D4152369E34D00E30C48 /* SectionsScreenViewController.xib in Resources */ = {isa = PBXBuildFile; fileRef = CE02D4132369E34D00E30C48 /* SectionsScreenViewController.xib */; };
		CE02D4182369E4FE00E30C48 /* SearchScreenViewController.swift in Sources */ = {isa = PBXBuildFile; fileRef = CE02D4162369E4FE00E30C48 /* SearchScreenViewController.swift */; };
		CE02D4192369E4FE00E30C48 /* SearchScreenViewController.xib in Resources */ = {isa = PBXBuildFile; fileRef = CE02D4172369E4FE00E30C48 /* SearchScreenViewController.xib */; };
		CE02D41D2369E96400E30C48 /* Localizable.strings in Resources */ = {isa = PBXBuildFile; fileRef = CE02D41C2369E96400E30C48 /* Localizable.strings */; };
		CE05CE7A235DAF1E009355A9 /* SliderTableViewCell.swift in Sources */ = {isa = PBXBuildFile; fileRef = CE05CE78235DAF1E009355A9 /* SliderTableViewCell.swift */; };
		CE05CE7B235DAF1E009355A9 /* SliderTableViewCell.xib in Resources */ = {isa = PBXBuildFile; fileRef = CE05CE79235DAF1E009355A9 /* SliderTableViewCell.xib */; };
		CE05CE90235DEE6F009355A9 /* StaticHeaderPlugin.swift in Sources */ = {isa = PBXBuildFile; fileRef = CE05CE8F235DEE6F009355A9 /* StaticHeaderPlugin.swift */; };
		CE05CE92235DEE77009355A9 /* NetworkDefaults.swift in Sources */ = {isa = PBXBuildFile; fileRef = CE05CE91235DEE77009355A9 /* NetworkDefaults.swift */; };
		CE05CE94235DEE7F009355A9 /* NetworkError.swift in Sources */ = {isa = PBXBuildFile; fileRef = CE05CE93235DEE7F009355A9 /* NetworkError.swift */; };
		CE05CE96235DEE86009355A9 /* NetworkManager.swift in Sources */ = {isa = PBXBuildFile; fileRef = CE05CE95235DEE86009355A9 /* NetworkManager.swift */; };
		CE05CE9B235DEEB7009355A9 /* NetworkService+ActorsService.swift in Sources */ = {isa = PBXBuildFile; fileRef = CE05CE9A235DEEB7009355A9 /* NetworkService+ActorsService.swift */; };
		CE05CE9D235DEEBC009355A9 /* ProductService.swift in Sources */ = {isa = PBXBuildFile; fileRef = CE05CE9C235DEEBC009355A9 /* ProductService.swift */; };
		CE05CEA3235DEF34009355A9 /* BasePresenterProtocals.swift in Sources */ = {isa = PBXBuildFile; fileRef = CE05CEA2235DEF34009355A9 /* BasePresenterProtocals.swift */; };
		CE05CEA5235DEF39009355A9 /* BaseViewController.swift in Sources */ = {isa = PBXBuildFile; fileRef = CE05CEA4235DEF39009355A9 /* BaseViewController.swift */; };
		CE05CEA7235DEF3E009355A9 /* BaseViewProtocal.swift in Sources */ = {isa = PBXBuildFile; fileRef = CE05CEA6235DEF3E009355A9 /* BaseViewProtocal.swift */; };
		CE05CEA9235DEF42009355A9 /* UIViewController+Extension.swift in Sources */ = {isa = PBXBuildFile; fileRef = CE05CEA8235DEF42009355A9 /* UIViewController+Extension.swift */; };
		CE05CEAB235DEF48009355A9 /* BaseModel.swift in Sources */ = {isa = PBXBuildFile; fileRef = CE05CEAA235DEF48009355A9 /* BaseModel.swift */; };
		CE05CEAD235DEF4D009355A9 /* BaseModelProtocal.swift in Sources */ = {isa = PBXBuildFile; fileRef = CE05CEAC235DEF4D009355A9 /* BaseModelProtocal.swift */; };
		CE05CEAF235DF05C009355A9 /* BaseAdapterProtocol.swift in Sources */ = {isa = PBXBuildFile; fileRef = CE05CEAE235DF05C009355A9 /* BaseAdapterProtocol.swift */; };
		CE05CEB1235DF112009355A9 /* BasePresenter.swift in Sources */ = {isa = PBXBuildFile; fileRef = CE05CEB0235DF112009355A9 /* BasePresenter.swift */; };
		CE05CEB3235DF1F1009355A9 /* ListProtocals.swift in Sources */ = {isa = PBXBuildFile; fileRef = CE05CEB2235DF1F1009355A9 /* ListProtocals.swift */; };
		CE05CEB7235DF203009355A9 /* ListModel.swift in Sources */ = {isa = PBXBuildFile; fileRef = CE05CEB6235DF203009355A9 /* ListModel.swift */; };
		CE05CEB9235DF212009355A9 /* ListPresenter.swift in Sources */ = {isa = PBXBuildFile; fileRef = CE05CEB8235DF212009355A9 /* ListPresenter.swift */; };
		CE05CEBB235DF21E009355A9 /* ListModule.swift in Sources */ = {isa = PBXBuildFile; fileRef = CE05CEBA235DF21D009355A9 /* ListModule.swift */; };
		CE05CEC2235DFCC9009355A9 /* AppDelegate+Extensions.swift in Sources */ = {isa = PBXBuildFile; fileRef = CE05CEC1235DFCC9009355A9 /* AppDelegate+Extensions.swift */; };
		CE0693EB237AAEE0004355A0 /* GoogleService-Info.plist in Resources */ = {isa = PBXBuildFile; fileRef = CE0693EA237AAEE0004355A0 /* GoogleService-Info.plist */; };
		CE0E1613235C5A5400ACDD7D /* HomeTableViewCell.swift in Sources */ = {isa = PBXBuildFile; fileRef = CE0E1611235C5A5400ACDD7D /* HomeTableViewCell.swift */; };
		CE0E1614235C5A5400ACDD7D /* HomeTableViewCell.xib in Resources */ = {isa = PBXBuildFile; fileRef = CE0E1612235C5A5400ACDD7D /* HomeTableViewCell.xib */; };
		CE0E1630235C791E00ACDD7D /* SliderCollectionViewCell.swift in Sources */ = {isa = PBXBuildFile; fileRef = CE0E162E235C791E00ACDD7D /* SliderCollectionViewCell.swift */; };
		CE0E1631235C791E00ACDD7D /* SliderCollectionViewCell.xib in Resources */ = {isa = PBXBuildFile; fileRef = CE0E162F235C791E00ACDD7D /* SliderCollectionViewCell.xib */; };
		CE15883023654E3F009E758E /* ArticlesCollectionViewCell.swift in Sources */ = {isa = PBXBuildFile; fileRef = CE15882E23654E3F009E758E /* ArticlesCollectionViewCell.swift */; };
		CE15883123654E3F009E758E /* ArticlesCollectionViewCell.xib in Resources */ = {isa = PBXBuildFile; fileRef = CE15882F23654E3F009E758E /* ArticlesCollectionViewCell.xib */; };
		CE15883523655118009E758E /* ArticlesTableViewCell.swift in Sources */ = {isa = PBXBuildFile; fileRef = CE15883323655118009E758E /* ArticlesTableViewCell.swift */; };
		CE15883623655118009E758E /* ArticlesTableViewCell.xib in Resources */ = {isa = PBXBuildFile; fileRef = CE15883423655118009E758E /* ArticlesTableViewCell.xib */; };
		CE1B1D622358984800C23FE9 /* TabBarViewController.swift in Sources */ = {isa = PBXBuildFile; fileRef = CE1B1D612358984800C23FE9 /* TabBarViewController.swift */; };
		CE1B1D6B23589D1100C23FE9 /* DetailsScreenViewController.swift in Sources */ = {isa = PBXBuildFile; fileRef = CE1B1D6923589D1100C23FE9 /* DetailsScreenViewController.swift */; };
		CE1B1D6C23589D1100C23FE9 /* DetailsScreenViewController.xib in Resources */ = {isa = PBXBuildFile; fileRef = CE1B1D6A23589D1100C23FE9 /* DetailsScreenViewController.xib */; };
		CE1B1D6F23589D2C00C23FE9 /* HomeScreenViewController.swift in Sources */ = {isa = PBXBuildFile; fileRef = CE1B1D6D23589D2C00C23FE9 /* HomeScreenViewController.swift */; };
		CE1B1D7023589D2C00C23FE9 /* HomeScreenViewController.xib in Resources */ = {isa = PBXBuildFile; fileRef = CE1B1D6E23589D2C00C23FE9 /* HomeScreenViewController.xib */; };
		CE1DBF29236591170065A910 /* ArticlesApiResponse.swift in Sources */ = {isa = PBXBuildFile; fileRef = CE1DBF28236591170065A910 /* ArticlesApiResponse.swift */; };
		CE3616952361AA470012DA8F /* SliderAdapter.swift in Sources */ = {isa = PBXBuildFile; fileRef = CE3616942361AA470012DA8F /* SliderAdapter.swift */; };
		CE3616972361AA5E0012DA8F /* NewsAdapter.swift in Sources */ = {isa = PBXBuildFile; fileRef = CE3616962361AA5E0012DA8F /* NewsAdapter.swift */; };
		CE3616992361AA6C0012DA8F /* ImagesAdapter.swift in Sources */ = {isa = PBXBuildFile; fileRef = CE3616982361AA6C0012DA8F /* ImagesAdapter.swift */; };
		CE36169B2361AA7B0012DA8F /* VideosAdapter.swift in Sources */ = {isa = PBXBuildFile; fileRef = CE36169A2361AA7B0012DA8F /* VideosAdapter.swift */; };
		CE36169D2361AA8B0012DA8F /* ArticlesAdapter.swift in Sources */ = {isa = PBXBuildFile; fileRef = CE36169C2361AA8B0012DA8F /* ArticlesAdapter.swift */; };
		CE7EF6462379DA93008D84FF /* LoginScreenViewController.xib in Resources */ = {isa = PBXBuildFile; fileRef = CE7EF6422379DA93008D84FF /* LoginScreenViewController.xib */; };
		CE7EF6472379DA93008D84FF /* LoginScreenViewController.swift in Sources */ = {isa = PBXBuildFile; fileRef = CE7EF6432379DA93008D84FF /* LoginScreenViewController.swift */; };
		CE7EF6482379DA93008D84FF /* ActionSheetViewController.swift in Sources */ = {isa = PBXBuildFile; fileRef = CE7EF6442379DA93008D84FF /* ActionSheetViewController.swift */; };
		CE7EF6492379DA93008D84FF /* ActionSheetViewController.xib in Resources */ = {isa = PBXBuildFile; fileRef = CE7EF6452379DA93008D84FF /* ActionSheetViewController.xib */; };
		CEEECCEB23603F2F00C38ECA /* ListApiResponse.swift in Sources */ = {isa = PBXBuildFile; fileRef = CEEECCEA23603F2F00C38ECA /* ListApiResponse.swift */; };
		CEEECCF523603F7600C38ECA /* Materials.swift in Sources */ = {isa = PBXBuildFile; fileRef = CEEECCF423603F7600C38ECA /* Materials.swift */; };
		CEEECCF723603F7E00C38ECA /* Slider.swift in Sources */ = {isa = PBXBuildFile; fileRef = CEEECCF623603F7E00C38ECA /* Slider.swift */; };
		CEEECCF923603F8500C38ECA /* Tags.swift in Sources */ = {isa = PBXBuildFile; fileRef = CEEECCF823603F8500C38ECA /* Tags.swift */; };
		CEEECCFC2360408900C38ECA /* Comics.swift in Sources */ = {isa = PBXBuildFile; fileRef = CEEECCFB2360408900C38ECA /* Comics.swift */; };
		CEEECCFE2360409200C38ECA /* VideosImagesApiResponse .swift in Sources */ = {isa = PBXBuildFile; fileRef = CEEECCFD2360409200C38ECA /* VideosImagesApiResponse .swift */; };
		CEEECD042360680500C38ECA /* ImagesTableViewCell.swift in Sources */ = {isa = PBXBuildFile; fileRef = CEEECD022360680400C38ECA /* ImagesTableViewCell.swift */; };
		CEEECD052360680500C38ECA /* ImagesTableViewCell.xib in Resources */ = {isa = PBXBuildFile; fileRef = CEEECD032360680400C38ECA /* ImagesTableViewCell.xib */; };
		CEEECD082360681E00C38ECA /* ImagesCollectionViewCell.swift in Sources */ = {isa = PBXBuildFile; fileRef = CEEECD062360681E00C38ECA /* ImagesCollectionViewCell.swift */; };
		CEEECD092360681E00C38ECA /* ImagesCollectionViewCell.xib in Resources */ = {isa = PBXBuildFile; fileRef = CEEECD072360681E00C38ECA /* ImagesCollectionViewCell.xib */; };
		CEEED9A72371A4210053D2D2 /* Routing.swift in Sources */ = {isa = PBXBuildFile; fileRef = CEEED9A62371A4210053D2D2 /* Routing.swift */; };
		CEF0564823730A3F000F53F3 /* HomeShimmerTableViewCell.swift in Sources */ = {isa = PBXBuildFile; fileRef = CEF0564623730A3F000F53F3 /* HomeShimmerTableViewCell.swift */; };
		CEF0564923730A3F000F53F3 /* HomeShimmerTableViewCell.xib in Resources */ = {isa = PBXBuildFile; fileRef = CEF0564723730A3F000F53F3 /* HomeShimmerTableViewCell.xib */; };
		CEF0564C23730A5B000F53F3 /* SliderShimmerTableViewCell.swift in Sources */ = {isa = PBXBuildFile; fileRef = CEF0564A23730A5B000F53F3 /* SliderShimmerTableViewCell.swift */; };
		CEF0564D23730A5B000F53F3 /* SliderShimmerTableViewCell.xib in Resources */ = {isa = PBXBuildFile; fileRef = CEF0564B23730A5B000F53F3 /* SliderShimmerTableViewCell.xib */; };
/* End PBXBuildFile section */

/* Begin PBXContainerItemProxy section */
		84476B9A2358295E00DF393F /* PBXContainerItemProxy */ = {
			isa = PBXContainerItemProxy;
			containerPortal = 84476B7A2358295D00DF393F /* Project object */;
			proxyType = 1;
			remoteGlobalIDString = 84476B812358295D00DF393F;
			remoteInfo = sab2;
		};
		84476BA52358295E00DF393F /* PBXContainerItemProxy */ = {
			isa = PBXContainerItemProxy;
			containerPortal = 84476B7A2358295D00DF393F /* Project object */;
			proxyType = 1;
			remoteGlobalIDString = 84476B812358295D00DF393F;
			remoteInfo = sab2;
		};
/* End PBXContainerItemProxy section */

/* Begin PBXFileReference section */
		198CEFBB3A109FF892FAF8DB /* Pods_sab2Tests.framework */ = {isa = PBXFileReference; explicitFileType = wrapper.framework; includeInIndex = 0; path = Pods_sab2Tests.framework; sourceTree = BUILT_PRODUCTS_DIR; };
		2F616BC475B1CEDEDC7BFE26 /* Pods-sab2Tests.debug.xcconfig */ = {isa = PBXFileReference; includeInIndex = 1; lastKnownFileType = text.xcconfig; name = "Pods-sab2Tests.debug.xcconfig"; path = "Target Support Files/Pods-sab2Tests/Pods-sab2Tests.debug.xcconfig"; sourceTree = "<group>"; };
		38DFDD1A04EDFF76F87FA357 /* Pods-sab2Tests.release.xcconfig */ = {isa = PBXFileReference; includeInIndex = 1; lastKnownFileType = text.xcconfig; name = "Pods-sab2Tests.release.xcconfig"; path = "Target Support Files/Pods-sab2Tests/Pods-sab2Tests.release.xcconfig"; sourceTree = "<group>"; };
		6CC11AA5C953362BC2B10AF4 /* Pods-sab2.release.xcconfig */ = {isa = PBXFileReference; includeInIndex = 1; lastKnownFileType = text.xcconfig; name = "Pods-sab2.release.xcconfig"; path = "Target Support Files/Pods-sab2/Pods-sab2.release.xcconfig"; sourceTree = "<group>"; };
		7BD5B2D34EAE50149930917D /* Pods-sab2UITests.release.xcconfig */ = {isa = PBXFileReference; includeInIndex = 1; lastKnownFileType = text.xcconfig; name = "Pods-sab2UITests.release.xcconfig"; path = "Target Support Files/Pods-sab2UITests/Pods-sab2UITests.release.xcconfig"; sourceTree = "<group>"; };
		84476B822358295D00DF393F /* sab2.app */ = {isa = PBXFileReference; explicitFileType = wrapper.application; includeInIndex = 0; path = sab2.app; sourceTree = BUILT_PRODUCTS_DIR; };
		84476B852358295D00DF393F /* AppDelegate.swift */ = {isa = PBXFileReference; lastKnownFileType = sourcecode.swift; path = AppDelegate.swift; sourceTree = "<group>"; };
		84476B8D2358295D00DF393F /* sab2.xcdatamodel */ = {isa = PBXFileReference; lastKnownFileType = wrapper.xcdatamodel; path = sab2.xcdatamodel; sourceTree = "<group>"; };
		84476B8F2358295E00DF393F /* Assets.xcassets */ = {isa = PBXFileReference; lastKnownFileType = folder.assetcatalog; path = Assets.xcassets; sourceTree = "<group>"; };
		84476B922358295E00DF393F /* Base */ = {isa = PBXFileReference; lastKnownFileType = file.storyboard; name = Base; path = Base.lproj/LaunchScreen.storyboard; sourceTree = "<group>"; };
		84476B942358295E00DF393F /* Info.plist */ = {isa = PBXFileReference; lastKnownFileType = text.plist.xml; name = Info.plist; path = "sab2/Supporting Files/Info.plist"; sourceTree = SOURCE_ROOT; };
		84476B992358295E00DF393F /* sab2Tests.xctest */ = {isa = PBXFileReference; explicitFileType = wrapper.cfbundle; includeInIndex = 0; path = sab2Tests.xctest; sourceTree = BUILT_PRODUCTS_DIR; };
		84476B9D2358295E00DF393F /* sab2Tests.swift */ = {isa = PBXFileReference; lastKnownFileType = sourcecode.swift; path = sab2Tests.swift; sourceTree = "<group>"; };
		84476B9F2358295E00DF393F /* Info.plist */ = {isa = PBXFileReference; lastKnownFileType = text.plist.xml; path = Info.plist; sourceTree = "<group>"; };
		84476BA42358295E00DF393F /* sab2UITests.xctest */ = {isa = PBXFileReference; explicitFileType = wrapper.cfbundle; includeInIndex = 0; path = sab2UITests.xctest; sourceTree = BUILT_PRODUCTS_DIR; };
		84476BA82358295E00DF393F /* sab2UITests.swift */ = {isa = PBXFileReference; lastKnownFileType = sourcecode.swift; path = sab2UITests.swift; sourceTree = "<group>"; };
		84476BAA2358295E00DF393F /* Info.plist */ = {isa = PBXFileReference; lastKnownFileType = text.plist.xml; path = Info.plist; sourceTree = "<group>"; };
		92E45BCDBDE88616200C0F3B /* Pods_sab2UITests.framework */ = {isa = PBXFileReference; explicitFileType = wrapper.framework; includeInIndex = 0; path = Pods_sab2UITests.framework; sourceTree = BUILT_PRODUCTS_DIR; };
		9CBB0E5D7EAE7C2E196E19BA /* Pods-sab2.debug.xcconfig */ = {isa = PBXFileReference; includeInIndex = 1; lastKnownFileType = text.xcconfig; name = "Pods-sab2.debug.xcconfig"; path = "Target Support Files/Pods-sab2/Pods-sab2.debug.xcconfig"; sourceTree = "<group>"; };
		A235C68F15994E6C7D05E6FA /* Pods_sab2.framework */ = {isa = PBXFileReference; explicitFileType = wrapper.framework; includeInIndex = 0; path = Pods_sab2.framework; sourceTree = BUILT_PRODUCTS_DIR; };
		BA0593F494E646470E937FF7 /* Pods-sab2UITests.debug.xcconfig */ = {isa = PBXFileReference; includeInIndex = 1; lastKnownFileType = text.xcconfig; name = "Pods-sab2UITests.debug.xcconfig"; path = "Target Support Files/Pods-sab2UITests/Pods-sab2UITests.debug.xcconfig"; sourceTree = "<group>"; };
		CE00CE73236224D000C089A3 /* VideosTableViewCell.swift */ = {isa = PBXFileReference; lastKnownFileType = sourcecode.swift; path = VideosTableViewCell.swift; sourceTree = "<group>"; };
		CE00CE74236224D000C089A3 /* VideosTableViewCell.xib */ = {isa = PBXFileReference; lastKnownFileType = file.xib; path = VideosTableViewCell.xib; sourceTree = "<group>"; };
		CE00CE77236224E800C089A3 /* VideosCollectionViewCell.swift */ = {isa = PBXFileReference; lastKnownFileType = sourcecode.swift; path = VideosCollectionViewCell.swift; sourceTree = "<group>"; };
		CE00CE78236224E800C089A3 /* VideosCollectionViewCell.xib */ = {isa = PBXFileReference; lastKnownFileType = file.xib; path = VideosCollectionViewCell.xib; sourceTree = "<group>"; };
		CE02D4082369E1A400E30C48 /* PopularsScreenViewController.swift */ = {isa = PBXFileReference; lastKnownFileType = sourcecode.swift; path = PopularsScreenViewController.swift; sourceTree = "<group>"; };
		CE02D4092369E1A400E30C48 /* PopularsScreenViewController.xib */ = {isa = PBXFileReference; lastKnownFileType = file.xib; path = PopularsScreenViewController.xib; sourceTree = "<group>"; };
		CE02D40D2369E2C600E30C48 /* ChoicesScreenViewController.swift */ = {isa = PBXFileReference; lastKnownFileType = sourcecode.swift; path = ChoicesScreenViewController.swift; sourceTree = "<group>"; };
		CE02D40E2369E2C600E30C48 /* ChoicesScreenViewController.xib */ = {isa = PBXFileReference; lastKnownFileType = file.xib; path = ChoicesScreenViewController.xib; sourceTree = "<group>"; };
		CE02D4122369E34D00E30C48 /* SectionsScreenViewController.swift */ = {isa = PBXFileReference; lastKnownFileType = sourcecode.swift; path = SectionsScreenViewController.swift; sourceTree = "<group>"; };
		CE02D4132369E34D00E30C48 /* SectionsScreenViewController.xib */ = {isa = PBXFileReference; lastKnownFileType = file.xib; path = SectionsScreenViewController.xib; sourceTree = "<group>"; };
		CE02D4162369E4FE00E30C48 /* SearchScreenViewController.swift */ = {isa = PBXFileReference; lastKnownFileType = sourcecode.swift; path = SearchScreenViewController.swift; sourceTree = "<group>"; };
		CE02D4172369E4FE00E30C48 /* SearchScreenViewController.xib */ = {isa = PBXFileReference; lastKnownFileType = file.xib; path = SearchScreenViewController.xib; sourceTree = "<group>"; };
		CE02D41C2369E96400E30C48 /* Localizable.strings */ = {isa = PBXFileReference; lastKnownFileType = text.plist.strings; path = Localizable.strings; sourceTree = "<group>"; };
		CE05CE78235DAF1E009355A9 /* SliderTableViewCell.swift */ = {isa = PBXFileReference; lastKnownFileType = sourcecode.swift; path = SliderTableViewCell.swift; sourceTree = "<group>"; };
		CE05CE79235DAF1E009355A9 /* SliderTableViewCell.xib */ = {isa = PBXFileReference; lastKnownFileType = file.xib; path = SliderTableViewCell.xib; sourceTree = "<group>"; };
		CE05CE8F235DEE6F009355A9 /* StaticHeaderPlugin.swift */ = {isa = PBXFileReference; fileEncoding = 4; lastKnownFileType = sourcecode.swift; path = StaticHeaderPlugin.swift; sourceTree = "<group>"; };
		CE05CE91235DEE77009355A9 /* NetworkDefaults.swift */ = {isa = PBXFileReference; fileEncoding = 4; lastKnownFileType = sourcecode.swift; path = NetworkDefaults.swift; sourceTree = "<group>"; };
		CE05CE93235DEE7F009355A9 /* NetworkError.swift */ = {isa = PBXFileReference; fileEncoding = 4; lastKnownFileType = sourcecode.swift; path = NetworkError.swift; sourceTree = "<group>"; };
		CE05CE95235DEE86009355A9 /* NetworkManager.swift */ = {isa = PBXFileReference; fileEncoding = 4; lastKnownFileType = sourcecode.swift; path = NetworkManager.swift; sourceTree = "<group>"; };
		CE05CE9A235DEEB7009355A9 /* NetworkService+ActorsService.swift */ = {isa = PBXFileReference; fileEncoding = 4; lastKnownFileType = sourcecode.swift; path = "NetworkService+ActorsService.swift"; sourceTree = "<group>"; };
		CE05CE9C235DEEBC009355A9 /* ProductService.swift */ = {isa = PBXFileReference; fileEncoding = 4; lastKnownFileType = sourcecode.swift; path = ProductService.swift; sourceTree = "<group>"; };
		CE05CEA2235DEF34009355A9 /* BasePresenterProtocals.swift */ = {isa = PBXFileReference; fileEncoding = 4; lastKnownFileType = sourcecode.swift; path = BasePresenterProtocals.swift; sourceTree = "<group>"; };
		CE05CEA4235DEF39009355A9 /* BaseViewController.swift */ = {isa = PBXFileReference; fileEncoding = 4; lastKnownFileType = sourcecode.swift; path = BaseViewController.swift; sourceTree = "<group>"; };
		CE05CEA6235DEF3E009355A9 /* BaseViewProtocal.swift */ = {isa = PBXFileReference; fileEncoding = 4; lastKnownFileType = sourcecode.swift; path = BaseViewProtocal.swift; sourceTree = "<group>"; };
		CE05CEA8235DEF42009355A9 /* UIViewController+Extension.swift */ = {isa = PBXFileReference; fileEncoding = 4; lastKnownFileType = sourcecode.swift; path = "UIViewController+Extension.swift"; sourceTree = "<group>"; };
		CE05CEAA235DEF48009355A9 /* BaseModel.swift */ = {isa = PBXFileReference; fileEncoding = 4; lastKnownFileType = sourcecode.swift; path = BaseModel.swift; sourceTree = "<group>"; };
		CE05CEAC235DEF4D009355A9 /* BaseModelProtocal.swift */ = {isa = PBXFileReference; fileEncoding = 4; lastKnownFileType = sourcecode.swift; path = BaseModelProtocal.swift; sourceTree = "<group>"; };
		CE05CEAE235DF05C009355A9 /* BaseAdapterProtocol.swift */ = {isa = PBXFileReference; lastKnownFileType = sourcecode.swift; path = BaseAdapterProtocol.swift; sourceTree = "<group>"; };
		CE05CEB0235DF112009355A9 /* BasePresenter.swift */ = {isa = PBXFileReference; lastKnownFileType = sourcecode.swift; path = BasePresenter.swift; sourceTree = "<group>"; };
		CE05CEB2235DF1F1009355A9 /* ListProtocals.swift */ = {isa = PBXFileReference; fileEncoding = 4; lastKnownFileType = sourcecode.swift; path = ListProtocals.swift; sourceTree = "<group>"; };
		CE05CEB6235DF203009355A9 /* ListModel.swift */ = {isa = PBXFileReference; fileEncoding = 4; lastKnownFileType = sourcecode.swift; path = ListModel.swift; sourceTree = "<group>"; };
		CE05CEB8235DF212009355A9 /* ListPresenter.swift */ = {isa = PBXFileReference; fileEncoding = 4; lastKnownFileType = sourcecode.swift; path = ListPresenter.swift; sourceTree = "<group>"; };
		CE05CEBA235DF21D009355A9 /* ListModule.swift */ = {isa = PBXFileReference; fileEncoding = 4; lastKnownFileType = sourcecode.swift; path = ListModule.swift; sourceTree = "<group>"; };
		CE05CEC1235DFCC9009355A9 /* AppDelegate+Extensions.swift */ = {isa = PBXFileReference; fileEncoding = 4; lastKnownFileType = sourcecode.swift; path = "AppDelegate+Extensions.swift"; sourceTree = "<group>"; };
		CE0693EA237AAEE0004355A0 /* GoogleService-Info.plist */ = {isa = PBXFileReference; fileEncoding = 4; lastKnownFileType = text.plist.xml; path = "GoogleService-Info.plist"; sourceTree = "<group>"; };
		CE0693EC237AD6D2004355A0 /* sab2.entitlements */ = {isa = PBXFileReference; lastKnownFileType = text.plist.entitlements; path = sab2.entitlements; sourceTree = "<group>"; };
		CE0E1611235C5A5400ACDD7D /* HomeTableViewCell.swift */ = {isa = PBXFileReference; lastKnownFileType = sourcecode.swift; path = HomeTableViewCell.swift; sourceTree = "<group>"; };
		CE0E1612235C5A5400ACDD7D /* HomeTableViewCell.xib */ = {isa = PBXFileReference; lastKnownFileType = file.xib; path = HomeTableViewCell.xib; sourceTree = "<group>"; };
		CE0E162E235C791E00ACDD7D /* SliderCollectionViewCell.swift */ = {isa = PBXFileReference; lastKnownFileType = sourcecode.swift; path = SliderCollectionViewCell.swift; sourceTree = "<group>"; };
		CE0E162F235C791E00ACDD7D /* SliderCollectionViewCell.xib */ = {isa = PBXFileReference; lastKnownFileType = file.xib; path = SliderCollectionViewCell.xib; sourceTree = "<group>"; };
		CE15882E23654E3F009E758E /* ArticlesCollectionViewCell.swift */ = {isa = PBXFileReference; lastKnownFileType = sourcecode.swift; path = ArticlesCollectionViewCell.swift; sourceTree = "<group>"; };
		CE15882F23654E3F009E758E /* ArticlesCollectionViewCell.xib */ = {isa = PBXFileReference; lastKnownFileType = file.xib; path = ArticlesCollectionViewCell.xib; sourceTree = "<group>"; };
		CE15883323655118009E758E /* ArticlesTableViewCell.swift */ = {isa = PBXFileReference; lastKnownFileType = sourcecode.swift; path = ArticlesTableViewCell.swift; sourceTree = "<group>"; };
		CE15883423655118009E758E /* ArticlesTableViewCell.xib */ = {isa = PBXFileReference; lastKnownFileType = file.xib; path = ArticlesTableViewCell.xib; sourceTree = "<group>"; };
		CE1B1D612358984800C23FE9 /* TabBarViewController.swift */ = {isa = PBXFileReference; lastKnownFileType = sourcecode.swift; path = TabBarViewController.swift; sourceTree = "<group>"; };
		CE1B1D6923589D1100C23FE9 /* DetailsScreenViewController.swift */ = {isa = PBXFileReference; lastKnownFileType = sourcecode.swift; path = DetailsScreenViewController.swift; sourceTree = "<group>"; };
		CE1B1D6A23589D1100C23FE9 /* DetailsScreenViewController.xib */ = {isa = PBXFileReference; lastKnownFileType = file.xib; path = DetailsScreenViewController.xib; sourceTree = "<group>"; };
		CE1B1D6D23589D2C00C23FE9 /* HomeScreenViewController.swift */ = {isa = PBXFileReference; lastKnownFileType = sourcecode.swift; path = HomeScreenViewController.swift; sourceTree = "<group>"; };
		CE1B1D6E23589D2C00C23FE9 /* HomeScreenViewController.xib */ = {isa = PBXFileReference; lastKnownFileType = file.xib; path = HomeScreenViewController.xib; sourceTree = "<group>"; };
		CE1DBF28236591170065A910 /* ArticlesApiResponse.swift */ = {isa = PBXFileReference; fileEncoding = 4; lastKnownFileType = sourcecode.swift; path = ArticlesApiResponse.swift; sourceTree = "<group>"; };
		CE3616942361AA470012DA8F /* SliderAdapter.swift */ = {isa = PBXFileReference; lastKnownFileType = sourcecode.swift; path = SliderAdapter.swift; sourceTree = "<group>"; };
		CE3616962361AA5E0012DA8F /* NewsAdapter.swift */ = {isa = PBXFileReference; lastKnownFileType = sourcecode.swift; path = NewsAdapter.swift; sourceTree = "<group>"; };
		CE3616982361AA6C0012DA8F /* ImagesAdapter.swift */ = {isa = PBXFileReference; lastKnownFileType = sourcecode.swift; path = ImagesAdapter.swift; sourceTree = "<group>"; };
		CE36169A2361AA7B0012DA8F /* VideosAdapter.swift */ = {isa = PBXFileReference; lastKnownFileType = sourcecode.swift; path = VideosAdapter.swift; sourceTree = "<group>"; };
		CE36169C2361AA8B0012DA8F /* ArticlesAdapter.swift */ = {isa = PBXFileReference; lastKnownFileType = sourcecode.swift; path = ArticlesAdapter.swift; sourceTree = "<group>"; };
		CE7EF6422379DA93008D84FF /* LoginScreenViewController.xib */ = {isa = PBXFileReference; fileEncoding = 4; lastKnownFileType = file.xib; path = LoginScreenViewController.xib; sourceTree = "<group>"; };
		CE7EF6432379DA93008D84FF /* LoginScreenViewController.swift */ = {isa = PBXFileReference; fileEncoding = 4; lastKnownFileType = sourcecode.swift; path = LoginScreenViewController.swift; sourceTree = "<group>"; };
		CE7EF6442379DA93008D84FF /* ActionSheetViewController.swift */ = {isa = PBXFileReference; fileEncoding = 4; lastKnownFileType = sourcecode.swift; path = ActionSheetViewController.swift; sourceTree = "<group>"; };
		CE7EF6452379DA93008D84FF /* ActionSheetViewController.xib */ = {isa = PBXFileReference; fileEncoding = 4; lastKnownFileType = file.xib; path = ActionSheetViewController.xib; sourceTree = "<group>"; };
		CEEECCEA23603F2F00C38ECA /* ListApiResponse.swift */ = {isa = PBXFileReference; fileEncoding = 4; lastKnownFileType = sourcecode.swift; path = ListApiResponse.swift; sourceTree = "<group>"; };
		CEEECCF423603F7600C38ECA /* Materials.swift */ = {isa = PBXFileReference; fileEncoding = 4; lastKnownFileType = sourcecode.swift; path = Materials.swift; sourceTree = "<group>"; };
		CEEECCF623603F7E00C38ECA /* Slider.swift */ = {isa = PBXFileReference; fileEncoding = 4; lastKnownFileType = sourcecode.swift; path = Slider.swift; sourceTree = "<group>"; };
		CEEECCF823603F8500C38ECA /* Tags.swift */ = {isa = PBXFileReference; fileEncoding = 4; lastKnownFileType = sourcecode.swift; path = Tags.swift; sourceTree = "<group>"; };
		CEEECCFB2360408900C38ECA /* Comics.swift */ = {isa = PBXFileReference; fileEncoding = 4; lastKnownFileType = sourcecode.swift; path = Comics.swift; sourceTree = "<group>"; };
		CEEECCFD2360409200C38ECA /* VideosImagesApiResponse .swift */ = {isa = PBXFileReference; fileEncoding = 4; lastKnownFileType = sourcecode.swift; path = "VideosImagesApiResponse .swift"; sourceTree = "<group>"; };
		CEEECD022360680400C38ECA /* ImagesTableViewCell.swift */ = {isa = PBXFileReference; lastKnownFileType = sourcecode.swift; path = ImagesTableViewCell.swift; sourceTree = "<group>"; };
		CEEECD032360680400C38ECA /* ImagesTableViewCell.xib */ = {isa = PBXFileReference; lastKnownFileType = file.xib; path = ImagesTableViewCell.xib; sourceTree = "<group>"; };
		CEEECD062360681E00C38ECA /* ImagesCollectionViewCell.swift */ = {isa = PBXFileReference; lastKnownFileType = sourcecode.swift; path = ImagesCollectionViewCell.swift; sourceTree = "<group>"; };
		CEEECD072360681E00C38ECA /* ImagesCollectionViewCell.xib */ = {isa = PBXFileReference; lastKnownFileType = file.xib; path = ImagesCollectionViewCell.xib; sourceTree = "<group>"; };
		CEEED9A62371A4210053D2D2 /* Routing.swift */ = {isa = PBXFileReference; lastKnownFileType = sourcecode.swift; path = Routing.swift; sourceTree = "<group>"; };
		CEF0564623730A3F000F53F3 /* HomeShimmerTableViewCell.swift */ = {isa = PBXFileReference; lastKnownFileType = sourcecode.swift; path = HomeShimmerTableViewCell.swift; sourceTree = "<group>"; };
		CEF0564723730A3F000F53F3 /* HomeShimmerTableViewCell.xib */ = {isa = PBXFileReference; lastKnownFileType = file.xib; path = HomeShimmerTableViewCell.xib; sourceTree = "<group>"; };
		CEF0564A23730A5B000F53F3 /* SliderShimmerTableViewCell.swift */ = {isa = PBXFileReference; lastKnownFileType = sourcecode.swift; path = SliderShimmerTableViewCell.swift; sourceTree = "<group>"; };
		CEF0564B23730A5B000F53F3 /* SliderShimmerTableViewCell.xib */ = {isa = PBXFileReference; lastKnownFileType = file.xib; path = SliderShimmerTableViewCell.xib; sourceTree = "<group>"; };
/* End PBXFileReference section */

/* Begin PBXFrameworksBuildPhase section */
		84476B7F2358295D00DF393F /* Frameworks */ = {
			isa = PBXFrameworksBuildPhase;
			buildActionMask = 2147483647;
			files = (
				A19A8CE5BEC94E3476482ABC /* Pods_sab2.framework in Frameworks */,
			);
			runOnlyForDeploymentPostprocessing = 0;
		};
		84476B962358295E00DF393F /* Frameworks */ = {
			isa = PBXFrameworksBuildPhase;
			buildActionMask = 2147483647;
			files = (
				97DA2C876DF738A728BEF8A3 /* Pods_sab2Tests.framework in Frameworks */,
			);
			runOnlyForDeploymentPostprocessing = 0;
		};
		84476BA12358295E00DF393F /* Frameworks */ = {
			isa = PBXFrameworksBuildPhase;
			buildActionMask = 2147483647;
			files = (
				06015D71B1D833F684BDBF74 /* Pods_sab2UITests.framework in Frameworks */,
			);
			runOnlyForDeploymentPostprocessing = 0;
		};
/* End PBXFrameworksBuildPhase section */

/* Begin PBXGroup section */
		84476B792358295D00DF393F = {
			isa = PBXGroup;
			children = (
				84476B842358295D00DF393F /* sab2 */,
				84476B9C2358295E00DF393F /* sab2Tests */,
				84476BA72358295E00DF393F /* sab2UITests */,
				84476B832358295D00DF393F /* Products */,
				CEA0AEEDB69A59DE52A65216 /* Pods */,
				9268E038CA37C060BEB14E9B /* Frameworks */,
			);
			sourceTree = "<group>";
		};
		84476B832358295D00DF393F /* Products */ = {
			isa = PBXGroup;
			children = (
				84476B822358295D00DF393F /* sab2.app */,
				84476B992358295E00DF393F /* sab2Tests.xctest */,
				84476BA42358295E00DF393F /* sab2UITests.xctest */,
			);
			name = Products;
			sourceTree = "<group>";
		};
		84476B842358295D00DF393F /* sab2 */ = {
			isa = PBXGroup;
			children = (
				CE0693EC237AD6D2004355A0 /* sab2.entitlements */,
				CE0693EA237AAEE0004355A0 /* GoogleService-Info.plist */,
				CEEED9A52371A40C0053D2D2 /* Routing */,
				CE1B1D5F23586E7800C23FE9 /* Scenes */,
				CE1B1D5E23586E6500C23FE9 /* Supporting Files */,
				CE1B1D5D23586E4700C23FE9 /* Networking */,
				CE1B1D5C23586E3700C23FE9 /* UI */,
				CE1B1D5B23586E2800C23FE9 /* Entity */,
				CE1B1D5A23586E1900C23FE9 /* Base */,
				CE1B1D5923586E0300C23FE9 /* Resources */,
				CE1B1D5823586DE400C23FE9 /* AppDelegate */,
				84476B8C2358295D00DF393F /* sab2.xcdatamodeld */,
			);
			path = sab2;
			sourceTree = "<group>";
		};
		84476B9C2358295E00DF393F /* sab2Tests */ = {
			isa = PBXGroup;
			children = (
				84476B9D2358295E00DF393F /* sab2Tests.swift */,
				84476B9F2358295E00DF393F /* Info.plist */,
			);
			path = sab2Tests;
			sourceTree = "<group>";
		};
		84476BA72358295E00DF393F /* sab2UITests */ = {
			isa = PBXGroup;
			children = (
				84476BA82358295E00DF393F /* sab2UITests.swift */,
				84476BAA2358295E00DF393F /* Info.plist */,
			);
			path = sab2UITests;
			sourceTree = "<group>";
		};
		9268E038CA37C060BEB14E9B /* Frameworks */ = {
			isa = PBXGroup;
			children = (
				A235C68F15994E6C7D05E6FA /* Pods_sab2.framework */,
				198CEFBB3A109FF892FAF8DB /* Pods_sab2Tests.framework */,
				92E45BCDBDE88616200C0F3B /* Pods_sab2UITests.framework */,
			);
			name = Frameworks;
			sourceTree = "<group>";
		};
		CE00CE722362246F00C089A3 /* Videos CollectionView */ = {
			isa = PBXGroup;
			children = (
				CE00CE73236224D000C089A3 /* VideosTableViewCell.swift */,
				CE00CE74236224D000C089A3 /* VideosTableViewCell.xib */,
				CE00CE77236224E800C089A3 /* VideosCollectionViewCell.swift */,
				CE00CE78236224E800C089A3 /* VideosCollectionViewCell.xib */,
			);
			name = "Videos CollectionView";
			sourceTree = "<group>";
		};
		CE02D4022369E07700E30C48 /* Search Screen */ = {
			isa = PBXGroup;
			children = (
				CE02D4162369E4FE00E30C48 /* SearchScreenViewController.swift */,
				CE02D4172369E4FE00E30C48 /* SearchScreenViewController.xib */,
			);
			path = "Search Screen";
			sourceTree = "<group>";
		};
		CE02D4072369E16800E30C48 /* populars Screen */ = {
			isa = PBXGroup;
			children = (
				CE02D4082369E1A400E30C48 /* PopularsScreenViewController.swift */,
				CE02D4092369E1A400E30C48 /* PopularsScreenViewController.xib */,
			);
			path = "populars Screen";
			sourceTree = "<group>";
		};
		CE02D40C2369E2AA00E30C48 /* Choices Screen */ = {
			isa = PBXGroup;
			children = (
				CE02D40D2369E2C600E30C48 /* ChoicesScreenViewController.swift */,
				CE02D40E2369E2C600E30C48 /* ChoicesScreenViewController.xib */,
			);
			path = "Choices Screen";
			sourceTree = "<group>";
		};
		CE02D4112369E31E00E30C48 /* Sections Screens */ = {
			isa = PBXGroup;
			children = (
				CE02D4122369E34D00E30C48 /* SectionsScreenViewController.swift */,
				CE02D4132369E34D00E30C48 /* SectionsScreenViewController.xib */,
			);
			path = "Sections Screens";
			sourceTree = "<group>";
		};
		CE05CE88235DEE1B009355A9 /* Core */ = {
			isa = PBXGroup;
			children = (
				CE05CE8F235DEE6F009355A9 /* StaticHeaderPlugin.swift */,
				CE05CE91235DEE77009355A9 /* NetworkDefaults.swift */,
				CE05CE93235DEE7F009355A9 /* NetworkError.swift */,
				CE05CE95235DEE86009355A9 /* NetworkManager.swift */,
			);
			name = Core;
			path = sab2/Networking/Core;
			sourceTree = "<group>";
		};
		CE05CE99235DEE9C009355A9 /* Slider - Material */ = {
			isa = PBXGroup;
			children = (
				CE05CE9A235DEEB7009355A9 /* NetworkService+ActorsService.swift */,
				CE05CE9C235DEEBC009355A9 /* ProductService.swift */,
			);
			path = "Slider - Material";
			sourceTree = "<group>";
		};
		CE05CEC0235DFCB5009355A9 /* Extensions */ = {
			isa = PBXGroup;
			children = (
				CE05CEC1235DFCC9009355A9 /* AppDelegate+Extensions.swift */,
			);
			path = Extensions;
			sourceTree = "<group>";
		};
		CE0E1610235C5A1C00ACDD7D /* Home TableView */ = {
			isa = PBXGroup;
			children = (
				CE1B1D6D23589D2C00C23FE9 /* HomeScreenViewController.swift */,
				CE1B1D6E23589D2C00C23FE9 /* HomeScreenViewController.xib */,
				CE0E1611235C5A5400ACDD7D /* HomeTableViewCell.swift */,
				CE0E1612235C5A5400ACDD7D /* HomeTableViewCell.xib */,
			);
			path = "Home TableView";
			sourceTree = "<group>";
		};
		CE0E1615235C6DB800ACDD7D /* Collection Views */ = {
			isa = PBXGroup;
			children = (
				CE15883223654E47009E758E /* Articles CollectionView */,
				CE00CE722362246F00C089A3 /* Videos CollectionView */,
				CEEECD01236067C300C38ECA /* Images CollectionView */,
				CE0E1619235C736800ACDD7D /* Slider CollectionView */,
			);
			path = "Collection Views";
			sourceTree = "<group>";
		};
		CE0E1619235C736800ACDD7D /* Slider CollectionView */ = {
			isa = PBXGroup;
			children = (
				CE0E162E235C791E00ACDD7D /* SliderCollectionViewCell.swift */,
				CE0E162F235C791E00ACDD7D /* SliderCollectionViewCell.xib */,
				CE05CE78235DAF1E009355A9 /* SliderTableViewCell.swift */,
				CE05CE79235DAF1E009355A9 /* SliderTableViewCell.xib */,
			);
			name = "Slider CollectionView";
			sourceTree = "<group>";
		};
		CE15883223654E47009E758E /* Articles CollectionView */ = {
			isa = PBXGroup;
			children = (
				CE15882E23654E3F009E758E /* ArticlesCollectionViewCell.swift */,
				CE15882F23654E3F009E758E /* ArticlesCollectionViewCell.xib */,
				CE15883323655118009E758E /* ArticlesTableViewCell.swift */,
				CE15883423655118009E758E /* ArticlesTableViewCell.xib */,
			);
			name = "Articles CollectionView";
			sourceTree = "<group>";
		};
		CE1B1D5823586DE400C23FE9 /* AppDelegate */ = {
			isa = PBXGroup;
			children = (
				CE05CEC0235DFCB5009355A9 /* Extensions */,
				84476B852358295D00DF393F /* AppDelegate.swift */,
			);
			path = AppDelegate;
			sourceTree = "<group>";
		};
		CE1B1D5923586E0300C23FE9 /* Resources */ = {
			isa = PBXGroup;
			children = (
				84476B8F2358295E00DF393F /* Assets.xcassets */,
				CE02D41C2369E96400E30C48 /* Localizable.strings */,
			);
			path = Resources;
			sourceTree = "<group>";
		};
		CE1B1D5A23586E1900C23FE9 /* Base */ = {
			isa = PBXGroup;
			children = (
				CE05CEAE235DF05C009355A9 /* BaseAdapterProtocol.swift */,
				CE05CEA2235DEF34009355A9 /* BasePresenterProtocals.swift */,
				CE05CEB0235DF112009355A9 /* BasePresenter.swift */,
				CE05CEA6235DEF3E009355A9 /* BaseViewProtocal.swift */,
				CE05CEA4235DEF39009355A9 /* BaseViewController.swift */,
				CE05CEA8235DEF42009355A9 /* UIViewController+Extension.swift */,
				CE05CEAA235DEF48009355A9 /* BaseModel.swift */,
				CE05CEAC235DEF4D009355A9 /* BaseModelProtocal.swift */,
			);
			path = Base;
			sourceTree = "<group>";
		};
		CE1B1D5B23586E2800C23FE9 /* Entity */ = {
			isa = PBXGroup;
			children = (
				CE1DBF27236590FD0065A910 /* Articles */,
				CEEECCFA2360407000C38ECA /* Videos_Images */,
				CEEECCE623603E8800C38ECA /* Slider_Materials */,
			);
			path = Entity;
			sourceTree = "<group>";
		};
		CE1B1D5C23586E3700C23FE9 /* UI */ = {
			isa = PBXGroup;
			children = (
				84476B912358295E00DF393F /* LaunchScreen.storyboard */,
			);
			path = UI;
			sourceTree = "<group>";
		};
		CE1B1D5D23586E4700C23FE9 /* Networking */ = {
			isa = PBXGroup;
			children = (
				CE05CE88235DEE1B009355A9 /* Core */,
				CE05CE99235DEE9C009355A9 /* Slider - Material */,
			);
			path = Networking;
			sourceTree = "<group>";
		};
		CE1B1D5E23586E6500C23FE9 /* Supporting Files */ = {
			isa = PBXGroup;
			children = (
				84476B942358295E00DF393F /* Info.plist */,
			);
			path = "Supporting Files";
			sourceTree = "<group>";
		};
		CE1B1D5F23586E7800C23FE9 /* Scenes */ = {
			isa = PBXGroup;
			children = (
				CE7EF6412379DA4A008D84FF /* LoginScreen */,
				CE02D4112369E31E00E30C48 /* Sections Screens */,
				CE02D40C2369E2AA00E30C48 /* Choices Screen */,
				CE02D4072369E16800E30C48 /* populars Screen */,
				CE02D4022369E07700E30C48 /* Search Screen */,
				CE1B1D6623589C7C00C23FE9 /* Details Screen */,
				CE1B1D60235897D500C23FE9 /* Home Screen */,
			);
			path = Scenes;
			sourceTree = "<group>";
		};
		CE1B1D60235897D500C23FE9 /* Home Screen */ = {
			isa = PBXGroup;
			children = (
				CEF0564523730A1C000F53F3 /* Shimmer Screens */,
				CE3616932361AA210012DA8F /* ListAdapters */,
				CE05CEB2235DF1F1009355A9 /* ListProtocals.swift */,
				CE05CEB8235DF212009355A9 /* ListPresenter.swift */,
				CE05CEB6235DF203009355A9 /* ListModel.swift */,
				CE05CEBA235DF21D009355A9 /* ListModule.swift */,
				CE1B1D6323589C4F00C23FE9 /* TabBar */,
				CE0E1610235C5A1C00ACDD7D /* Home TableView */,
				CE0E1615235C6DB800ACDD7D /* Collection Views */,
			);
			path = "Home Screen";
			sourceTree = "<group>";
		};
		CE1B1D6323589C4F00C23FE9 /* TabBar */ = {
			isa = PBXGroup;
			children = (
				CE1B1D612358984800C23FE9 /* TabBarViewController.swift */,
			);
			path = TabBar;
			sourceTree = "<group>";
		};
		CE1B1D6623589C7C00C23FE9 /* Details Screen */ = {
			isa = PBXGroup;
			children = (
				CE1B1D6923589D1100C23FE9 /* DetailsScreenViewController.swift */,
				CE1B1D6A23589D1100C23FE9 /* DetailsScreenViewController.xib */,
			);
			path = "Details Screen";
			sourceTree = "<group>";
		};
		CE1DBF27236590FD0065A910 /* Articles */ = {
			isa = PBXGroup;
			children = (
				CE1DBF28236591170065A910 /* ArticlesApiResponse.swift */,
			);
			path = Articles;
			sourceTree = "<group>";
		};
		CE3616932361AA210012DA8F /* ListAdapters */ = {
			isa = PBXGroup;
			children = (
				CE3616942361AA470012DA8F /* SliderAdapter.swift */,
				CE3616962361AA5E0012DA8F /* NewsAdapter.swift */,
				CE3616982361AA6C0012DA8F /* ImagesAdapter.swift */,
				CE36169A2361AA7B0012DA8F /* VideosAdapter.swift */,
				CE36169C2361AA8B0012DA8F /* ArticlesAdapter.swift */,
			);
			path = ListAdapters;
			sourceTree = "<group>";
		};
		CE7EF6412379DA4A008D84FF /* LoginScreen */ = {
			isa = PBXGroup;
			children = (
				CE7EF6442379DA93008D84FF /* ActionSheetViewController.swift */,
				CE7EF6452379DA93008D84FF /* ActionSheetViewController.xib */,
				CE7EF6432379DA93008D84FF /* LoginScreenViewController.swift */,
				CE7EF6422379DA93008D84FF /* LoginScreenViewController.xib */,
			);
			path = LoginScreen;
			sourceTree = "<group>";
		};
		CEA0AEEDB69A59DE52A65216 /* Pods */ = {
			isa = PBXGroup;
			children = (
				9CBB0E5D7EAE7C2E196E19BA /* Pods-sab2.debug.xcconfig */,
				6CC11AA5C953362BC2B10AF4 /* Pods-sab2.release.xcconfig */,
				2F616BC475B1CEDEDC7BFE26 /* Pods-sab2Tests.debug.xcconfig */,
				38DFDD1A04EDFF76F87FA357 /* Pods-sab2Tests.release.xcconfig */,
				BA0593F494E646470E937FF7 /* Pods-sab2UITests.debug.xcconfig */,
				7BD5B2D34EAE50149930917D /* Pods-sab2UITests.release.xcconfig */,
			);
			path = Pods;
			sourceTree = "<group>";
		};
		CEEECCE623603E8800C38ECA /* Slider_Materials */ = {
			isa = PBXGroup;
			children = (
				CEEECCEA23603F2F00C38ECA /* ListApiResponse.swift */,
				CEEECCF423603F7600C38ECA /* Materials.swift */,
				CEEECCF623603F7E00C38ECA /* Slider.swift */,
				CEEECCF823603F8500C38ECA /* Tags.swift */,
			);
			path = Slider_Materials;
			sourceTree = "<group>";
		};
		CEEECCFA2360407000C38ECA /* Videos_Images */ = {
			isa = PBXGroup;
			children = (
				CEEECCFB2360408900C38ECA /* Comics.swift */,
				CEEECCFD2360409200C38ECA /* VideosImagesApiResponse .swift */,
			);
			path = Videos_Images;
			sourceTree = "<group>";
		};
		CEEECD01236067C300C38ECA /* Images CollectionView */ = {
			isa = PBXGroup;
			children = (
				CEEECD072360681E00C38ECA /* ImagesCollectionViewCell.xib */,
				CEEECD062360681E00C38ECA /* ImagesCollectionViewCell.swift */,
				CEEECD022360680400C38ECA /* ImagesTableViewCell.swift */,
				CEEECD032360680400C38ECA /* ImagesTableViewCell.xib */,
			);
			name = "Images CollectionView";
			sourceTree = "<group>";
		};
		CEEED9A52371A40C0053D2D2 /* Routing */ = {
			isa = PBXGroup;
			children = (
				CEEED9A62371A4210053D2D2 /* Routing.swift */,
			);
			path = Routing;
			sourceTree = "<group>";
		};
		CEF0564523730A1C000F53F3 /* Shimmer Screens */ = {
			isa = PBXGroup;
			children = (
				CEF0564623730A3F000F53F3 /* HomeShimmerTableViewCell.swift */,
				CEF0564723730A3F000F53F3 /* HomeShimmerTableViewCell.xib */,
				CEF0564A23730A5B000F53F3 /* SliderShimmerTableViewCell.swift */,
				CEF0564B23730A5B000F53F3 /* SliderShimmerTableViewCell.xib */,
			);
			path = "Shimmer Screens";
			sourceTree = "<group>";
		};
/* End PBXGroup section */

/* Begin PBXNativeTarget section */
		84476B812358295D00DF393F /* sab2 */ = {
			isa = PBXNativeTarget;
			buildConfigurationList = 84476BAD2358295E00DF393F /* Build configuration list for PBXNativeTarget "sab2" */;
			buildPhases = (
				25BF56E02277E59BB0318666 /* [CP] Check Pods Manifest.lock */,
				84476B7E2358295D00DF393F /* Sources */,
				84476B7F2358295D00DF393F /* Frameworks */,
				84476B802358295D00DF393F /* Resources */,
				EAF013058D4149724AD61DC7 /* [CP] Embed Pods Frameworks */,
				CE0163272366FDED00BDCEBE /* ShellScript */,
				C3AAFE62A20C43474CA31682 /* [CP] Copy Pods Resources */,
			);
			buildRules = (
			);
			dependencies = (
			);
			name = sab2;
			productName = sab2;
			productReference = 84476B822358295D00DF393F /* sab2.app */;
			productType = "com.apple.product-type.application";
		};
		84476B982358295E00DF393F /* sab2Tests */ = {
			isa = PBXNativeTarget;
			buildConfigurationList = 84476BB02358295E00DF393F /* Build configuration list for PBXNativeTarget "sab2Tests" */;
			buildPhases = (
				9F377C9D97271F3E0BBDC5F7 /* [CP] Check Pods Manifest.lock */,
				84476B952358295E00DF393F /* Sources */,
				84476B962358295E00DF393F /* Frameworks */,
				84476B972358295E00DF393F /* Resources */,
				555289C3D75854C5FE203512 /* [CP] Embed Pods Frameworks */,
			);
			buildRules = (
			);
			dependencies = (
				84476B9B2358295E00DF393F /* PBXTargetDependency */,
			);
			name = sab2Tests;
			productName = sab2Tests;
			productReference = 84476B992358295E00DF393F /* sab2Tests.xctest */;
			productType = "com.apple.product-type.bundle.unit-test";
		};
		84476BA32358295E00DF393F /* sab2UITests */ = {
			isa = PBXNativeTarget;
			buildConfigurationList = 84476BB32358295E00DF393F /* Build configuration list for PBXNativeTarget "sab2UITests" */;
			buildPhases = (
				BDAE55F5D97926CEDA34A400 /* [CP] Check Pods Manifest.lock */,
				84476BA02358295E00DF393F /* Sources */,
				84476BA12358295E00DF393F /* Frameworks */,
				84476BA22358295E00DF393F /* Resources */,
				CF3E07B28CFD81B739BA8FCB /* [CP] Embed Pods Frameworks */,
			);
			buildRules = (
			);
			dependencies = (
				84476BA62358295E00DF393F /* PBXTargetDependency */,
			);
			name = sab2UITests;
			productName = sab2UITests;
			productReference = 84476BA42358295E00DF393F /* sab2UITests.xctest */;
			productType = "com.apple.product-type.bundle.ui-testing";
		};
/* End PBXNativeTarget section */

/* Begin PBXProject section */
		84476B7A2358295D00DF393F /* Project object */ = {
			isa = PBXProject;
			attributes = {
				LastSwiftUpdateCheck = 1020;
				LastUpgradeCheck = 1020;
				ORGANIZATIONNAME = "esraa mohamed";
				TargetAttributes = {
					84476B812358295D00DF393F = {
						CreatedOnToolsVersion = 10.2;
					};
					84476B982358295E00DF393F = {
						CreatedOnToolsVersion = 10.2;
						TestTargetID = 84476B812358295D00DF393F;
					};
					84476BA32358295E00DF393F = {
						CreatedOnToolsVersion = 10.2;
						TestTargetID = 84476B812358295D00DF393F;
					};
				};
			};
			buildConfigurationList = 84476B7D2358295D00DF393F /* Build configuration list for PBXProject "sab2" */;
			compatibilityVersion = "Xcode 9.3";
			developmentRegion = en;
			hasScannedForEncodings = 0;
			knownRegions = (
				en,
				Base,
			);
			mainGroup = 84476B792358295D00DF393F;
			productRefGroup = 84476B832358295D00DF393F /* Products */;
			projectDirPath = "";
			projectRoot = "";
			targets = (
				84476B812358295D00DF393F /* sab2 */,
				84476B982358295E00DF393F /* sab2Tests */,
				84476BA32358295E00DF393F /* sab2UITests */,
			);
		};
/* End PBXProject section */

/* Begin PBXResourcesBuildPhase section */
		84476B802358295D00DF393F /* Resources */ = {
			isa = PBXResourcesBuildPhase;
			buildActionMask = 2147483647;
			files = (
				84476B932358295E00DF393F /* LaunchScreen.storyboard in Resources */,
				CE00CE76236224D000C089A3 /* VideosTableViewCell.xib in Resources */,
				CEEECD052360680500C38ECA /* ImagesTableViewCell.xib in Resources */,
				CE02D4152369E34D00E30C48 /* SectionsScreenViewController.xib in Resources */,
				CE15883623655118009E758E /* ArticlesTableViewCell.xib in Resources */,
				CE1B1D7023589D2C00C23FE9 /* HomeScreenViewController.xib in Resources */,
				CEF0564D23730A5B000F53F3 /* SliderShimmerTableViewCell.xib in Resources */,
				CEEECD092360681E00C38ECA /* ImagesCollectionViewCell.xib in Resources */,
				CE1B1D6C23589D1100C23FE9 /* DetailsScreenViewController.xib in Resources */,
				CE02D4192369E4FE00E30C48 /* SearchScreenViewController.xib in Resources */,
				CE7EF6462379DA93008D84FF /* LoginScreenViewController.xib in Resources */,
				CE7EF6492379DA93008D84FF /* ActionSheetViewController.xib in Resources */,
				CE0E1631235C791E00ACDD7D /* SliderCollectionViewCell.xib in Resources */,
				CE0E1614235C5A5400ACDD7D /* HomeTableViewCell.xib in Resources */,
				84476B902358295E00DF393F /* Assets.xcassets in Resources */,
				CE15883123654E3F009E758E /* ArticlesCollectionViewCell.xib in Resources */,
				CE02D41D2369E96400E30C48 /* Localizable.strings in Resources */,
				CE00CE7A236224E800C089A3 /* VideosCollectionViewCell.xib in Resources */,
				CE02D4102369E2C600E30C48 /* ChoicesScreenViewController.xib in Resources */,
				CE0693EB237AAEE0004355A0 /* GoogleService-Info.plist in Resources */,
				CEF0564923730A3F000F53F3 /* HomeShimmerTableViewCell.xib in Resources */,
				CE05CE7B235DAF1E009355A9 /* SliderTableViewCell.xib in Resources */,
				CE02D40B2369E1A400E30C48 /* PopularsScreenViewController.xib in Resources */,
			);
			runOnlyForDeploymentPostprocessing = 0;
		};
		84476B972358295E00DF393F /* Resources */ = {
			isa = PBXResourcesBuildPhase;
			buildActionMask = 2147483647;
			files = (
			);
			runOnlyForDeploymentPostprocessing = 0;
		};
		84476BA22358295E00DF393F /* Resources */ = {
			isa = PBXResourcesBuildPhase;
			buildActionMask = 2147483647;
			files = (
			);
			runOnlyForDeploymentPostprocessing = 0;
		};
/* End PBXResourcesBuildPhase section */

/* Begin PBXShellScriptBuildPhase section */
		25BF56E02277E59BB0318666 /* [CP] Check Pods Manifest.lock */ = {
			isa = PBXShellScriptBuildPhase;
			buildActionMask = 2147483647;
			files = (
			);
			inputFileListPaths = (
			);
			inputPaths = (
				"${PODS_PODFILE_DIR_PATH}/Podfile.lock",
				"${PODS_ROOT}/Manifest.lock",
			);
			name = "[CP] Check Pods Manifest.lock";
			outputFileListPaths = (
			);
			outputPaths = (
				"$(DERIVED_FILE_DIR)/Pods-sab2-checkManifestLockResult.txt",
			);
			runOnlyForDeploymentPostprocessing = 0;
			shellPath = /bin/sh;
			shellScript = "diff \"${PODS_PODFILE_DIR_PATH}/Podfile.lock\" \"${PODS_ROOT}/Manifest.lock\" > /dev/null\nif [ $? != 0 ] ; then\n    # print error to STDERR\n    echo \"error: The sandbox is not in sync with the Podfile.lock. Run 'pod install' or update your CocoaPods installation.\" >&2\n    exit 1\nfi\n# This output is used by Xcode 'outputs' to avoid re-running this script phase.\necho \"SUCCESS\" > \"${SCRIPT_OUTPUT_FILE_0}\"\n";
			showEnvVarsInLog = 0;
		};
		555289C3D75854C5FE203512 /* [CP] Embed Pods Frameworks */ = {
			isa = PBXShellScriptBuildPhase;
			buildActionMask = 2147483647;
			files = (
			);
			inputFileListPaths = (
				"${PODS_ROOT}/Target Support Files/Pods-sab2Tests/Pods-sab2Tests-frameworks-${CONFIGURATION}-input-files.xcfilelist",
			);
			name = "[CP] Embed Pods Frameworks";
			outputFileListPaths = (
				"${PODS_ROOT}/Target Support Files/Pods-sab2Tests/Pods-sab2Tests-frameworks-${CONFIGURATION}-output-files.xcfilelist",
			);
			runOnlyForDeploymentPostprocessing = 0;
			shellPath = /bin/sh;
			shellScript = "\"${PODS_ROOT}/Target Support Files/Pods-sab2Tests/Pods-sab2Tests-frameworks.sh\"\n";
			showEnvVarsInLog = 0;
		};
		9F377C9D97271F3E0BBDC5F7 /* [CP] Check Pods Manifest.lock */ = {
			isa = PBXShellScriptBuildPhase;
			buildActionMask = 2147483647;
			files = (
			);
			inputFileListPaths = (
			);
			inputPaths = (
				"${PODS_PODFILE_DIR_PATH}/Podfile.lock",
				"${PODS_ROOT}/Manifest.lock",
			);
			name = "[CP] Check Pods Manifest.lock";
			outputFileListPaths = (
			);
			outputPaths = (
				"$(DERIVED_FILE_DIR)/Pods-sab2Tests-checkManifestLockResult.txt",
			);
			runOnlyForDeploymentPostprocessing = 0;
			shellPath = /bin/sh;
			shellScript = "diff \"${PODS_PODFILE_DIR_PATH}/Podfile.lock\" \"${PODS_ROOT}/Manifest.lock\" > /dev/null\nif [ $? != 0 ] ; then\n    # print error to STDERR\n    echo \"error: The sandbox is not in sync with the Podfile.lock. Run 'pod install' or update your CocoaPods installation.\" >&2\n    exit 1\nfi\n# This output is used by Xcode 'outputs' to avoid re-running this script phase.\necho \"SUCCESS\" > \"${SCRIPT_OUTPUT_FILE_0}\"\n";
			showEnvVarsInLog = 0;
		};
		BDAE55F5D97926CEDA34A400 /* [CP] Check Pods Manifest.lock */ = {
			isa = PBXShellScriptBuildPhase;
			buildActionMask = 2147483647;
			files = (
			);
			inputFileListPaths = (
			);
			inputPaths = (
				"${PODS_PODFILE_DIR_PATH}/Podfile.lock",
				"${PODS_ROOT}/Manifest.lock",
			);
			name = "[CP] Check Pods Manifest.lock";
			outputFileListPaths = (
			);
			outputPaths = (
				"$(DERIVED_FILE_DIR)/Pods-sab2UITests-checkManifestLockResult.txt",
			);
			runOnlyForDeploymentPostprocessing = 0;
			shellPath = /bin/sh;
			shellScript = "diff \"${PODS_PODFILE_DIR_PATH}/Podfile.lock\" \"${PODS_ROOT}/Manifest.lock\" > /dev/null\nif [ $? != 0 ] ; then\n    # print error to STDERR\n    echo \"error: The sandbox is not in sync with the Podfile.lock. Run 'pod install' or update your CocoaPods installation.\" >&2\n    exit 1\nfi\n# This output is used by Xcode 'outputs' to avoid re-running this script phase.\necho \"SUCCESS\" > \"${SCRIPT_OUTPUT_FILE_0}\"\n";
			showEnvVarsInLog = 0;
		};
		C3AAFE62A20C43474CA31682 /* [CP] Copy Pods Resources */ = {
			isa = PBXShellScriptBuildPhase;
			buildActionMask = 2147483647;
			files = (
			);
			inputFileListPaths = (
				"${PODS_ROOT}/Target Support Files/Pods-sab2/Pods-sab2-resources-${CONFIGURATION}-input-files.xcfilelist",
			);
			name = "[CP] Copy Pods Resources";
			outputFileListPaths = (
				"${PODS_ROOT}/Target Support Files/Pods-sab2/Pods-sab2-resources-${CONFIGURATION}-output-files.xcfilelist",
			);
			runOnlyForDeploymentPostprocessing = 0;
			shellPath = /bin/sh;
			shellScript = "\"${PODS_ROOT}/Target Support Files/Pods-sab2/Pods-sab2-resources.sh\"\n";
			showEnvVarsInLog = 0;
		};
		CE0163272366FDED00BDCEBE /* ShellScript */ = {
			isa = PBXShellScriptBuildPhase;
			buildActionMask = 2147483647;
			files = (
			);
			inputFileListPaths = (
			);
			inputPaths = (
			);
			outputFileListPaths = (
			);
			outputPaths = (
			);
			runOnlyForDeploymentPostprocessing = 0;
			shellPath = /bin/sh;
			shellScript = "# Type a script or drag a script file from your workspace to insert its path.\nif which swiftlint >/dev/null; then\nswiftlint\nelse\necho \"warning: SwiftLint not installed, download from https://github.com/realm/SwiftLint\"\nfi\n";
		};
		CF3E07B28CFD81B739BA8FCB /* [CP] Embed Pods Frameworks */ = {
			isa = PBXShellScriptBuildPhase;
			buildActionMask = 2147483647;
			files = (
			);
			inputFileListPaths = (
				"${PODS_ROOT}/Target Support Files/Pods-sab2UITests/Pods-sab2UITests-frameworks-${CONFIGURATION}-input-files.xcfilelist",
			);
			name = "[CP] Embed Pods Frameworks";
			outputFileListPaths = (
				"${PODS_ROOT}/Target Support Files/Pods-sab2UITests/Pods-sab2UITests-frameworks-${CONFIGURATION}-output-files.xcfilelist",
			);
			runOnlyForDeploymentPostprocessing = 0;
			shellPath = /bin/sh;
			shellScript = "\"${PODS_ROOT}/Target Support Files/Pods-sab2UITests/Pods-sab2UITests-frameworks.sh\"\n";
			showEnvVarsInLog = 0;
		};
		EAF013058D4149724AD61DC7 /* [CP] Embed Pods Frameworks */ = {
			isa = PBXShellScriptBuildPhase;
			buildActionMask = 2147483647;
			files = (
			);
			inputFileListPaths = (
				"${PODS_ROOT}/Target Support Files/Pods-sab2/Pods-sab2-frameworks-${CONFIGURATION}-input-files.xcfilelist",
			);
			name = "[CP] Embed Pods Frameworks";
			outputFileListPaths = (
				"${PODS_ROOT}/Target Support Files/Pods-sab2/Pods-sab2-frameworks-${CONFIGURATION}-output-files.xcfilelist",
			);
			runOnlyForDeploymentPostprocessing = 0;
			shellPath = /bin/sh;
			shellScript = "\"${PODS_ROOT}/Target Support Files/Pods-sab2/Pods-sab2-frameworks.sh\"\n";
			showEnvVarsInLog = 0;
		};
/* End PBXShellScriptBuildPhase section */

/* Begin PBXSourcesBuildPhase section */
		84476B7E2358295D00DF393F /* Sources */ = {
			isa = PBXSourcesBuildPhase;
			buildActionMask = 2147483647;
			files = (
				CE05CEB9235DF212009355A9 /* ListPresenter.swift in Sources */,
				CE05CE94235DEE7F009355A9 /* NetworkError.swift in Sources */,
				84476B8E2358295D00DF393F /* sab2.xcdatamodeld in Sources */,
				CE05CEB3235DF1F1009355A9 /* ListProtocals.swift in Sources */,
				CEEECCF723603F7E00C38ECA /* Slider.swift in Sources */,
				CE7EF6472379DA93008D84FF /* LoginScreenViewController.swift in Sources */,
				CE3616992361AA6C0012DA8F /* ImagesAdapter.swift in Sources */,
				CEEECCFC2360408900C38ECA /* Comics.swift in Sources */,
				CE00CE75236224D000C089A3 /* VideosTableViewCell.swift in Sources */,
				CE05CE9D235DEEBC009355A9 /* ProductService.swift in Sources */,
				CE36169D2361AA8B0012DA8F /* ArticlesAdapter.swift in Sources */,
				CE05CEA5235DEF39009355A9 /* BaseViewController.swift in Sources */,
				CEEECCF523603F7600C38ECA /* Materials.swift in Sources */,
				CE05CEAB235DEF48009355A9 /* BaseModel.swift in Sources */,
				CE05CE90235DEE6F009355A9 /* StaticHeaderPlugin.swift in Sources */,
				CE05CEC2235DFCC9009355A9 /* AppDelegate+Extensions.swift in Sources */,
				CE05CEAD235DEF4D009355A9 /* BaseModelProtocal.swift in Sources */,
				CEF0564823730A3F000F53F3 /* HomeShimmerTableViewCell.swift in Sources */,
				CE05CEA9235DEF42009355A9 /* UIViewController+Extension.swift in Sources */,
				CE02D40A2369E1A400E30C48 /* PopularsScreenViewController.swift in Sources */,
				CE0E1613235C5A5400ACDD7D /* HomeTableViewCell.swift in Sources */,
				CE1B1D6B23589D1100C23FE9 /* DetailsScreenViewController.swift in Sources */,
				CE05CEB7235DF203009355A9 /* ListModel.swift in Sources */,
				CE3616972361AA5E0012DA8F /* NewsAdapter.swift in Sources */,
				CE1B1D622358984800C23FE9 /* TabBarViewController.swift in Sources */,
				CE05CEAF235DF05C009355A9 /* BaseAdapterProtocol.swift in Sources */,
				CE02D4182369E4FE00E30C48 /* SearchScreenViewController.swift in Sources */,
				84476B862358295D00DF393F /* AppDelegate.swift in Sources */,
				CE05CE96235DEE86009355A9 /* NetworkManager.swift in Sources */,
				CEEECD042360680500C38ECA /* ImagesTableViewCell.swift in Sources */,
				CEEECCF923603F8500C38ECA /* Tags.swift in Sources */,
				CE05CEA7235DEF3E009355A9 /* BaseViewProtocal.swift in Sources */,
				CEEED9A72371A4210053D2D2 /* Routing.swift in Sources */,
				CE0E1630235C791E00ACDD7D /* SliderCollectionViewCell.swift in Sources */,
				CEEECD082360681E00C38ECA /* ImagesCollectionViewCell.swift in Sources */,
				CE05CEB1235DF112009355A9 /* BasePresenter.swift in Sources */,
				CE05CEA3235DEF34009355A9 /* BasePresenterProtocals.swift in Sources */,
				CE15883523655118009E758E /* ArticlesTableViewCell.swift in Sources */,
				CEEECCEB23603F2F00C38ECA /* ListApiResponse.swift in Sources */,
				CE3616952361AA470012DA8F /* SliderAdapter.swift in Sources */,
				CE00CE79236224E800C089A3 /* VideosCollectionViewCell.swift in Sources */,
				CE15883023654E3F009E758E /* ArticlesCollectionViewCell.swift in Sources */,
				CE7EF6482379DA93008D84FF /* ActionSheetViewController.swift in Sources */,
				CE02D4142369E34D00E30C48 /* SectionsScreenViewController.swift in Sources */,
				CE05CE9B235DEEB7009355A9 /* NetworkService+ActorsService.swift in Sources */,
				CE1DBF29236591170065A910 /* ArticlesApiResponse.swift in Sources */,
				CEEECCFE2360409200C38ECA /* VideosImagesApiResponse .swift in Sources */,
				CE1B1D6F23589D2C00C23FE9 /* HomeScreenViewController.swift in Sources */,
				CE02D40F2369E2C600E30C48 /* ChoicesScreenViewController.swift in Sources */,
				CE05CE7A235DAF1E009355A9 /* SliderTableViewCell.swift in Sources */,
				CEF0564C23730A5B000F53F3 /* SliderShimmerTableViewCell.swift in Sources */,
				CE36169B2361AA7B0012DA8F /* VideosAdapter.swift in Sources */,
				CE05CE92235DEE77009355A9 /* NetworkDefaults.swift in Sources */,
				CE05CEBB235DF21E009355A9 /* ListModule.swift in Sources */,
			);
			runOnlyForDeploymentPostprocessing = 0;
		};
		84476B952358295E00DF393F /* Sources */ = {
			isa = PBXSourcesBuildPhase;
			buildActionMask = 2147483647;
			files = (
				84476B9E2358295E00DF393F /* sab2Tests.swift in Sources */,
			);
			runOnlyForDeploymentPostprocessing = 0;
		};
		84476BA02358295E00DF393F /* Sources */ = {
			isa = PBXSourcesBuildPhase;
			buildActionMask = 2147483647;
			files = (
				84476BA92358295E00DF393F /* sab2UITests.swift in Sources */,
			);
			runOnlyForDeploymentPostprocessing = 0;
		};
/* End PBXSourcesBuildPhase section */

/* Begin PBXTargetDependency section */
		84476B9B2358295E00DF393F /* PBXTargetDependency */ = {
			isa = PBXTargetDependency;
			target = 84476B812358295D00DF393F /* sab2 */;
			targetProxy = 84476B9A2358295E00DF393F /* PBXContainerItemProxy */;
		};
		84476BA62358295E00DF393F /* PBXTargetDependency */ = {
			isa = PBXTargetDependency;
			target = 84476B812358295D00DF393F /* sab2 */;
			targetProxy = 84476BA52358295E00DF393F /* PBXContainerItemProxy */;
		};
/* End PBXTargetDependency section */

/* Begin PBXVariantGroup section */
		84476B912358295E00DF393F /* LaunchScreen.storyboard */ = {
			isa = PBXVariantGroup;
			children = (
				84476B922358295E00DF393F /* Base */,
			);
			name = LaunchScreen.storyboard;
			sourceTree = "<group>";
		};
/* End PBXVariantGroup section */

/* Begin XCBuildConfiguration section */
		84476BAB2358295E00DF393F /* Debug */ = {
			isa = XCBuildConfiguration;
			buildSettings = {
				ALWAYS_SEARCH_USER_PATHS = NO;
				CLANG_ANALYZER_NONNULL = YES;
				CLANG_ANALYZER_NUMBER_OBJECT_CONVERSION = YES_AGGRESSIVE;
				CLANG_CXX_LANGUAGE_STANDARD = "gnu++14";
				CLANG_CXX_LIBRARY = "libc++";
				CLANG_ENABLE_MODULES = YES;
				CLANG_ENABLE_OBJC_ARC = YES;
				CLANG_ENABLE_OBJC_WEAK = YES;
				CLANG_WARN_BLOCK_CAPTURE_AUTORELEASING = YES;
				CLANG_WARN_BOOL_CONVERSION = YES;
				CLANG_WARN_COMMA = YES;
				CLANG_WARN_CONSTANT_CONVERSION = YES;
				CLANG_WARN_DEPRECATED_OBJC_IMPLEMENTATIONS = YES;
				CLANG_WARN_DIRECT_OBJC_ISA_USAGE = YES_ERROR;
				CLANG_WARN_DOCUMENTATION_COMMENTS = YES;
				CLANG_WARN_EMPTY_BODY = YES;
				CLANG_WARN_ENUM_CONVERSION = YES;
				CLANG_WARN_INFINITE_RECURSION = YES;
				CLANG_WARN_INT_CONVERSION = YES;
				CLANG_WARN_NON_LITERAL_NULL_CONVERSION = YES;
				CLANG_WARN_OBJC_IMPLICIT_RETAIN_SELF = YES;
				CLANG_WARN_OBJC_LITERAL_CONVERSION = YES;
				CLANG_WARN_OBJC_ROOT_CLASS = YES_ERROR;
				CLANG_WARN_RANGE_LOOP_ANALYSIS = YES;
				CLANG_WARN_STRICT_PROTOTYPES = YES;
				CLANG_WARN_SUSPICIOUS_MOVE = YES;
				CLANG_WARN_UNGUARDED_AVAILABILITY = YES_AGGRESSIVE;
				CLANG_WARN_UNREACHABLE_CODE = YES;
				CLANG_WARN__DUPLICATE_METHOD_MATCH = YES;
				CODE_SIGN_IDENTITY = "iPhone Developer";
				COPY_PHASE_STRIP = NO;
				DEBUG_INFORMATION_FORMAT = dwarf;
				ENABLE_STRICT_OBJC_MSGSEND = YES;
				ENABLE_TESTABILITY = YES;
				GCC_C_LANGUAGE_STANDARD = gnu11;
				GCC_DYNAMIC_NO_PIC = NO;
				GCC_NO_COMMON_BLOCKS = YES;
				GCC_OPTIMIZATION_LEVEL = 0;
				GCC_PREPROCESSOR_DEFINITIONS = (
					"DEBUG=1",
					"$(inherited)",
				);
				GCC_WARN_64_TO_32_BIT_CONVERSION = YES;
				GCC_WARN_ABOUT_RETURN_TYPE = YES_ERROR;
				GCC_WARN_UNDECLARED_SELECTOR = YES;
				GCC_WARN_UNINITIALIZED_AUTOS = YES_AGGRESSIVE;
				GCC_WARN_UNUSED_FUNCTION = YES;
				GCC_WARN_UNUSED_VARIABLE = YES;
				IPHONEOS_DEPLOYMENT_TARGET = 12.2;
				MTL_ENABLE_DEBUG_INFO = INCLUDE_SOURCE;
				MTL_FAST_MATH = YES;
				ONLY_ACTIVE_ARCH = YES;
				SDKROOT = iphoneos;
				SWIFT_ACTIVE_COMPILATION_CONDITIONS = DEBUG;
				SWIFT_OPTIMIZATION_LEVEL = "-Onone";
			};
			name = Debug;
		};
		84476BAC2358295E00DF393F /* Release */ = {
			isa = XCBuildConfiguration;
			buildSettings = {
				ALWAYS_SEARCH_USER_PATHS = NO;
				CLANG_ANALYZER_NONNULL = YES;
				CLANG_ANALYZER_NUMBER_OBJECT_CONVERSION = YES_AGGRESSIVE;
				CLANG_CXX_LANGUAGE_STANDARD = "gnu++14";
				CLANG_CXX_LIBRARY = "libc++";
				CLANG_ENABLE_MODULES = YES;
				CLANG_ENABLE_OBJC_ARC = YES;
				CLANG_ENABLE_OBJC_WEAK = YES;
				CLANG_WARN_BLOCK_CAPTURE_AUTORELEASING = YES;
				CLANG_WARN_BOOL_CONVERSION = YES;
				CLANG_WARN_COMMA = YES;
				CLANG_WARN_CONSTANT_CONVERSION = YES;
				CLANG_WARN_DEPRECATED_OBJC_IMPLEMENTATIONS = YES;
				CLANG_WARN_DIRECT_OBJC_ISA_USAGE = YES_ERROR;
				CLANG_WARN_DOCUMENTATION_COMMENTS = YES;
				CLANG_WARN_EMPTY_BODY = YES;
				CLANG_WARN_ENUM_CONVERSION = YES;
				CLANG_WARN_INFINITE_RECURSION = YES;
				CLANG_WARN_INT_CONVERSION = YES;
				CLANG_WARN_NON_LITERAL_NULL_CONVERSION = YES;
				CLANG_WARN_OBJC_IMPLICIT_RETAIN_SELF = YES;
				CLANG_WARN_OBJC_LITERAL_CONVERSION = YES;
				CLANG_WARN_OBJC_ROOT_CLASS = YES_ERROR;
				CLANG_WARN_RANGE_LOOP_ANALYSIS = YES;
				CLANG_WARN_STRICT_PROTOTYPES = YES;
				CLANG_WARN_SUSPICIOUS_MOVE = YES;
				CLANG_WARN_UNGUARDED_AVAILABILITY = YES_AGGRESSIVE;
				CLANG_WARN_UNREACHABLE_CODE = YES;
				CLANG_WARN__DUPLICATE_METHOD_MATCH = YES;
				CODE_SIGN_IDENTITY = "iPhone Developer";
				COPY_PHASE_STRIP = NO;
				DEBUG_INFORMATION_FORMAT = "dwarf-with-dsym";
				ENABLE_NS_ASSERTIONS = NO;
				ENABLE_STRICT_OBJC_MSGSEND = YES;
				GCC_C_LANGUAGE_STANDARD = gnu11;
				GCC_NO_COMMON_BLOCKS = YES;
				GCC_WARN_64_TO_32_BIT_CONVERSION = YES;
				GCC_WARN_ABOUT_RETURN_TYPE = YES_ERROR;
				GCC_WARN_UNDECLARED_SELECTOR = YES;
				GCC_WARN_UNINITIALIZED_AUTOS = YES_AGGRESSIVE;
				GCC_WARN_UNUSED_FUNCTION = YES;
				GCC_WARN_UNUSED_VARIABLE = YES;
				IPHONEOS_DEPLOYMENT_TARGET = 12.2;
				MTL_ENABLE_DEBUG_INFO = NO;
				MTL_FAST_MATH = YES;
				SDKROOT = iphoneos;
				SWIFT_COMPILATION_MODE = wholemodule;
				SWIFT_OPTIMIZATION_LEVEL = "-O";
				VALIDATE_PRODUCT = YES;
			};
			name = Release;
		};
		84476BAE2358295E00DF393F /* Debug */ = {
			isa = XCBuildConfiguration;
			baseConfigurationReference = 9CBB0E5D7EAE7C2E196E19BA /* Pods-sab2.debug.xcconfig */;
			buildSettings = {
				ASSETCATALOG_COMPILER_APPICON_NAME = AppIcon;
				CODE_SIGN_ENTITLEMENTS = sab2/sab2.entitlements;
				CODE_SIGN_IDENTITY = "Apple Development";
				CODE_SIGN_STYLE = Automatic;
				DEVELOPMENT_TEAM = 2C86JD592M;
				INFOPLIST_FILE = "sab2/Supporting Files/Info.plist";
				LD_RUNPATH_SEARCH_PATHS = (
					"$(inherited)",
					"@executable_path/Frameworks",
				);
				PRODUCT_BUNDLE_IDENTIFIER = com.ibtikar.sabqTrial;
				PRODUCT_NAME = "$(TARGET_NAME)";
				PROVISIONING_PROFILE_SPECIFIER = "";
				SWIFT_VERSION = 5.0;
				TARGETED_DEVICE_FAMILY = "1,2";
			};
			name = Debug;
		};
		84476BAF2358295E00DF393F /* Release */ = {
			isa = XCBuildConfiguration;
			baseConfigurationReference = 6CC11AA5C953362BC2B10AF4 /* Pods-sab2.release.xcconfig */;
			buildSettings = {
				ASSETCATALOG_COMPILER_APPICON_NAME = AppIcon;
				CODE_SIGN_ENTITLEMENTS = sab2/sab2.entitlements;
				CODE_SIGN_IDENTITY = "Apple Development";
				CODE_SIGN_STYLE = Automatic;
				DEVELOPMENT_TEAM = 2C86JD592M;
				INFOPLIST_FILE = "sab2/Supporting Files/Info.plist";
				LD_RUNPATH_SEARCH_PATHS = (
					"$(inherited)",
					"@executable_path/Frameworks",
				);
				PRODUCT_BUNDLE_IDENTIFIER = com.ibtikar.sabqTrial;
				PRODUCT_NAME = "$(TARGET_NAME)";
				PROVISIONING_PROFILE_SPECIFIER = "";
				SWIFT_VERSION = 5.0;
				TARGETED_DEVICE_FAMILY = "1,2";
			};
			name = Release;
		};
		84476BB12358295E00DF393F /* Debug */ = {
			isa = XCBuildConfiguration;
			baseConfigurationReference = 2F616BC475B1CEDEDC7BFE26 /* Pods-sab2Tests.debug.xcconfig */;
			buildSettings = {
				ALWAYS_EMBED_SWIFT_STANDARD_LIBRARIES = YES;
				BUNDLE_LOADER = "$(TEST_HOST)";
				CODE_SIGN_STYLE = Automatic;
				INFOPLIST_FILE = sab2Tests/Info.plist;
				LD_RUNPATH_SEARCH_PATHS = (
					"$(inherited)",
					"@executable_path/Frameworks",
					"@loader_path/Frameworks",
				);
				PRODUCT_BUNDLE_IDENTIFIER = Lost.sab2Tests;
				PRODUCT_NAME = "$(TARGET_NAME)";
				SWIFT_VERSION = 5.0;
				TARGETED_DEVICE_FAMILY = "1,2";
				TEST_HOST = "$(BUILT_PRODUCTS_DIR)/sab2.app/sab2";
			};
			name = Debug;
		};
		84476BB22358295E00DF393F /* Release */ = {
			isa = XCBuildConfiguration;
			baseConfigurationReference = 38DFDD1A04EDFF76F87FA357 /* Pods-sab2Tests.release.xcconfig */;
			buildSettings = {
				ALWAYS_EMBED_SWIFT_STANDARD_LIBRARIES = YES;
				BUNDLE_LOADER = "$(TEST_HOST)";
				CODE_SIGN_STYLE = Automatic;
				INFOPLIST_FILE = sab2Tests/Info.plist;
				LD_RUNPATH_SEARCH_PATHS = (
					"$(inherited)",
					"@executable_path/Frameworks",
					"@loader_path/Frameworks",
				);
				PRODUCT_BUNDLE_IDENTIFIER = Lost.sab2Tests;
				PRODUCT_NAME = "$(TARGET_NAME)";
				SWIFT_VERSION = 5.0;
				TARGETED_DEVICE_FAMILY = "1,2";
				TEST_HOST = "$(BUILT_PRODUCTS_DIR)/sab2.app/sab2";
			};
			name = Release;
		};
		84476BB42358295E00DF393F /* Debug */ = {
			isa = XCBuildConfiguration;
			baseConfigurationReference = BA0593F494E646470E937FF7 /* Pods-sab2UITests.debug.xcconfig */;
			buildSettings = {
				ALWAYS_EMBED_SWIFT_STANDARD_LIBRARIES = YES;
				CODE_SIGN_STYLE = Automatic;
				INFOPLIST_FILE = sab2UITests/Info.plist;
				LD_RUNPATH_SEARCH_PATHS = (
					"$(inherited)",
					"@executable_path/Frameworks",
					"@loader_path/Frameworks",
				);
				PRODUCT_BUNDLE_IDENTIFIER = Lost.sab2UITests;
				PRODUCT_NAME = "$(TARGET_NAME)";
				SWIFT_VERSION = 5.0;
				TARGETED_DEVICE_FAMILY = "1,2";
				TEST_TARGET_NAME = sab2;
			};
			name = Debug;
		};
		84476BB52358295E00DF393F /* Release */ = {
			isa = XCBuildConfiguration;
			baseConfigurationReference = 7BD5B2D34EAE50149930917D /* Pods-sab2UITests.release.xcconfig */;
			buildSettings = {
				ALWAYS_EMBED_SWIFT_STANDARD_LIBRARIES = YES;
				CODE_SIGN_STYLE = Automatic;
				INFOPLIST_FILE = sab2UITests/Info.plist;
				LD_RUNPATH_SEARCH_PATHS = (
					"$(inherited)",
					"@executable_path/Frameworks",
					"@loader_path/Frameworks",
				);
				PRODUCT_BUNDLE_IDENTIFIER = Lost.sab2UITests;
				PRODUCT_NAME = "$(TARGET_NAME)";
				SWIFT_VERSION = 5.0;
				TARGETED_DEVICE_FAMILY = "1,2";
				TEST_TARGET_NAME = sab2;
			};
			name = Release;
		};
/* End XCBuildConfiguration section */

/* Begin XCConfigurationList section */
		84476B7D2358295D00DF393F /* Build configuration list for PBXProject "sab2" */ = {
			isa = XCConfigurationList;
			buildConfigurations = (
				84476BAB2358295E00DF393F /* Debug */,
				84476BAC2358295E00DF393F /* Release */,
			);
			defaultConfigurationIsVisible = 0;
			defaultConfigurationName = Release;
		};
		84476BAD2358295E00DF393F /* Build configuration list for PBXNativeTarget "sab2" */ = {
			isa = XCConfigurationList;
			buildConfigurations = (
				84476BAE2358295E00DF393F /* Debug */,
				84476BAF2358295E00DF393F /* Release */,
			);
			defaultConfigurationIsVisible = 0;
			defaultConfigurationName = Release;
		};
		84476BB02358295E00DF393F /* Build configuration list for PBXNativeTarget "sab2Tests" */ = {
			isa = XCConfigurationList;
			buildConfigurations = (
				84476BB12358295E00DF393F /* Debug */,
				84476BB22358295E00DF393F /* Release */,
			);
			defaultConfigurationIsVisible = 0;
			defaultConfigurationName = Release;
		};
		84476BB32358295E00DF393F /* Build configuration list for PBXNativeTarget "sab2UITests" */ = {
			isa = XCConfigurationList;
			buildConfigurations = (
				84476BB42358295E00DF393F /* Debug */,
				84476BB52358295E00DF393F /* Release */,
			);
			defaultConfigurationIsVisible = 0;
			defaultConfigurationName = Release;
		};
/* End XCConfigurationList section */

/* Begin XCVersionGroup section */
		84476B8C2358295D00DF393F /* sab2.xcdatamodeld */ = {
			isa = XCVersionGroup;
			children = (
				84476B8D2358295D00DF393F /* sab2.xcdatamodel */,
			);
			currentVersion = 84476B8D2358295D00DF393F /* sab2.xcdatamodel */;
			path = sab2.xcdatamodeld;
			sourceTree = "<group>";
			versionGroupType = wrapper.xcdatamodel;
		};
/* End XCVersionGroup section */
	};
	rootObject = 84476B7A2358295D00DF393F /* Project object */;
}
