PODS:
  - Alamofire (4.9.0)
  - DateToolsSwift (4.0.0)
  - Moya (13.0.1):
    - Moya/Core (= 13.0.1)
  - Moya/Core (13.0.1):
    - Alamofire (~> 4.1)
    - Result (~> 4.1)
  - Result (4.1.0)
  - SDWebImage (5.1.1):
    - SDWebImage/Core (= 5.1.1)
  - SDWebImage/Core (5.1.1)
  - SwiftLint (0.36.0)

DEPENDENCIES:
  - DateToolsSwift
  - Moya
  - SDWebImage (~> 5.0)
  - SwiftLint

SPEC REPOS:
  https://github.com/CocoaPods/Specs.git:
    - Alamofire
    - Moya
    - Result
    - SDWebImage
  trunk:
    - DateToolsSwift
    - SwiftLint

SPEC CHECKSUMS:
  Alamofire: afc3e7c6db61476cb45cdd23fed06bad03bbc321
  DateToolsSwift: 875d97ff9e3a5d54abdd67a269b3f51c757b71ab
  Moya: f4a4b80ff2f8a4ffc208dfb31cd91636622fee6e
  Result: bd966fac789cc6c1563440b348ab2598cc24d5c7
  SDWebImage: 96d7f03415ccb28d299d765f93557ff8a617abd8
  SwiftLint: fc9859e4e1752340664851f667bb1898b9c90114

PODFILE CHECKSUM: bc015f90369b0caf0c54cda9c1761c3dad5afa6c

COCOAPODS: 1.8.4
